
Microsoft Visual Studio Solution File, Format Version 12.00
# Visual Studio Version 17
VisualStudioVersion = 17.6.33815.320
MinimumVisualStudioVersion = 10.0.40219.1
Project("{FAE04EC0-301F-11D3-BF4B-00C04F79EFBC}") = "Chess.Infraestructure", "Chess.Infraestructure\Chess.Infraestructure.csproj", "{F59072F0-C37B-4B50-BF26-4BA64943B40C}"
EndProject
Project("{FAE04EC0-301F-11D3-BF4B-00C04F79EFBC}") = "Chess.Infraestructure.Tests", "Chess.Infraestructure.Tests\Chess.Infraestructure.Tests.csproj", "{0B2FBADE-13E5-4F96-B4FA-582C0CE8DD82}"
EndProject
Global
	GlobalSection(SolutionConfigurationPlatforms) = preSolution
		Debug|Any CPU = Debug|Any CPU
		Release|Any CPU = Release|Any CPU
	EndGlobalSection
	GlobalSection(ProjectConfigurationPlatforms) = postSolution
		{F59072F0-C37B-4B50-BF26-4BA64943B40C}.Debug|Any CPU.ActiveCfg = Debug|Any CPU
		{F59072F0-C37B-4B50-BF26-4BA64943B40C}.Debug|Any CPU.Build.0 = Debug|Any CPU
		{F59072F0-C37B-4B50-BF26-4BA64943B40C}.Release|Any CPU.ActiveCfg = Release|Any CPU
		{F59072F0-C37B-4B50-BF26-4BA64943B40C}.Release|Any CPU.Build.0 = Release|Any CPU
		{0B2FBADE-13E5-4F96-B4FA-582C0CE8DD82}.Debug|Any CPU.ActiveCfg = Debug|Any CPU
		{0B2FBADE-13E5-4F96-B4FA-582C0CE8DD82}.Debug|Any CPU.Build.0 = Debug|Any CPU
		{0B2FBADE-13E5-4F96-B4FA-582C0CE8DD82}.Release|Any CPU.ActiveCfg = Release|Any CPU
		{0B2FBADE-13E5-4F96-B4FA-582C0CE8DD82}.Release|Any CPU.Build.0 = Release|Any CPU
	EndGlobalSection
	GlobalSection(SolutionProperties) = preSolution
		HideSolutionNode = FALSE
	EndGlobalSection
	GlobalSection(ExtensibilityGlobals) = postSolution
		SolutionGuid = {11B47306-F1F1-44EE-A147-138A125F145D}
	EndGlobalSection
EndGlobal
